
Microsoft Visual Studio Solution File, Format Version 12.00
# Visual Studio Version 16
VisualStudioVersion = 16.0.31727.386
MinimumVisualStudioVersion = 10.0.40219.1
Project("{FAE04EC0-301F-11D3-BF4B-00C04F79EFBC}") = "TicTacToe", "TicTacToe\TicTacToe.csproj", "{7DBF0445-311B-485A-AA52-0A7A16BA274A}"
EndProject
Global
	GlobalSection(SolutionConfigurationPlatforms) = preSolution
		Debug|Any CPU = Debug|Any CPU
		Release|Any CPU = Release|Any CPU
	EndGlobalSection
	GlobalSection(ProjectConfigurationPlatforms) = postSolution
		{7DBF0445-311B-485A-AA52-0A7A16BA274A}.Debug|Any CPU.ActiveCfg = Debug|Any CPU
		{7DBF0445-311B-485A-AA52-0A7A16BA274A}.Debug|Any CPU.Build.0 = Debug|Any CPU
		{7DBF0445-311B-485A-AA52-0A7A16BA274A}.Release|Any CPU.ActiveCfg = Release|Any CPU
		{7DBF0445-311B-485A-AA52-0A7A16BA274A}.Release|Any CPU.Build.0 = Release|Any CPU
	EndGlobalSection
	GlobalSection(SolutionProperties) = preSolution
		HideSolutionNode = FALSE
	EndGlobalSection
	GlobalSection(ExtensibilityGlobals) = postSolution
		SolutionGuid = {6608F6BF-15D9-4197-B9BB-F37C060FB74A}
	EndGlobalSection
EndGlobal
